PODS:
  - Alamofire (4.7.3)
  - Kingfisher (4.8.1)
  - RxAlamofire (4.2.0):
    - RxAlamofire/Core (= 4.2.0)
  - RxAlamofire/Core (4.2.0):
    - Alamofire (~> 4.5)
    - RxSwift (~> 4)
  - RxSwift (4.2.0)

DEPENDENCIES:
  - Alamofire (= 4.7.3)
  - Kingfisher (= 4.8.1)
  - RxAlamofire (= 4.2.0)
  - RxSwift (= 4.2.0)

SPEC REPOS:
  https://github.com/cocoapods/specs.git:
    - Alamofire
    - Kingfisher
    - RxAlamofire
    - RxSwift

SPEC CHECKSUMS:
  Alamofire: c7287b6e5d7da964a70935e5db17046b7fde6568
  Kingfisher: 868c1149679a7ab6869be118faa9b5aed154aaf0
  RxAlamofire: 87a9c588541210cc3e4a1f843ccc3ecf3eb98b31
  RxSwift: 99e10317ddfcc7fbe01356aafd118fde4a0be104

PODFILE CHECKSUM: 0394d3af3414a281797f74819ee622d160fe60d1

COCOAPODS: 1.6.1
